
Microsoft Visual Studio Solution File, Format Version 12.00
# Visual Studio Version 17
VisualStudioVersion = 17.3.32929.385
MinimumVisualStudioVersion = 10.0.40219.1
Project("{9A19103F-16F7-4668-BE54-9A1E7A4F7556}") = "PcAssemblyAssistant", "PcAssemblyAssistant\PcAssemblyAssistant.csproj", "{273ED05F-D65F-4DBF-9C60-739373FC33DF}"
EndProject
Project("{9A19103F-16F7-4668-BE54-9A1E7A4F7556}") = "Common", "Common\Common.csproj", "{131A838F-264E-4316-A876-79043791C73A}"
EndProject
Project("{9A19103F-16F7-4668-BE54-9A1E7A4F7556}") = "Models", "Models\Models.csproj", "{1DF46E89-9106-4A45-8F73-D111F30DE8A6}"
EndProject
Project("{9A19103F-16F7-4668-BE54-9A1E7A4F7556}") = "DAL", "DBO\DAL.csproj", "{C059BFD6-5652-476E-A472-BD3B29ABB792}"
EndProject
Project("{9A19103F-16F7-4668-BE54-9A1E7A4F7556}") = "BLL", "BLL\BLL.csproj", "{88042B94-1E05-4E61-BF0F-6E78262CBBBD}"
EndProject
Global
	GlobalSection(SolutionConfigurationPlatforms) = preSolution
		Debug|Any CPU = Debug|Any CPU
		Release|Any CPU = Release|Any CPU
	EndGlobalSection
	GlobalSection(ProjectConfigurationPlatforms) = postSolution
		{273ED05F-D65F-4DBF-9C60-739373FC33DF}.Debug|Any CPU.ActiveCfg = Debug|Any CPU
		{273ED05F-D65F-4DBF-9C60-739373FC33DF}.Debug|Any CPU.Build.0 = Debug|Any CPU
		{273ED05F-D65F-4DBF-9C60-739373FC33DF}.Release|Any CPU.ActiveCfg = Release|Any CPU
		{273ED05F-D65F-4DBF-9C60-739373FC33DF}.Release|Any CPU.Build.0 = Release|Any CPU
		{131A838F-264E-4316-A876-79043791C73A}.Debug|Any CPU.ActiveCfg = Debug|Any CPU
		{131A838F-264E-4316-A876-79043791C73A}.Debug|Any CPU.Build.0 = Debug|Any CPU
		{131A838F-264E-4316-A876-79043791C73A}.Release|Any CPU.ActiveCfg = Release|Any CPU
		{131A838F-264E-4316-A876-79043791C73A}.Release|Any CPU.Build.0 = Release|Any CPU
		{1DF46E89-9106-4A45-8F73-D111F30DE8A6}.Debug|Any CPU.ActiveCfg = Debug|Any CPU
		{1DF46E89-9106-4A45-8F73-D111F30DE8A6}.Debug|Any CPU.Build.0 = Debug|Any CPU
		{1DF46E89-9106-4A45-8F73-D111F30DE8A6}.Release|Any CPU.ActiveCfg = Release|Any CPU
		{1DF46E89-9106-4A45-8F73-D111F30DE8A6}.Release|Any CPU.Build.0 = Release|Any CPU
		{C059BFD6-5652-476E-A472-BD3B29ABB792}.Debug|Any CPU.ActiveCfg = Debug|Any CPU
		{C059BFD6-5652-476E-A472-BD3B29ABB792}.Debug|Any CPU.Build.0 = Debug|Any CPU
		{C059BFD6-5652-476E-A472-BD3B29ABB792}.Release|Any CPU.ActiveCfg = Release|Any CPU
		{C059BFD6-5652-476E-A472-BD3B29ABB792}.Release|Any CPU.Build.0 = Release|Any CPU
		{88042B94-1E05-4E61-BF0F-6E78262CBBBD}.Debug|Any CPU.ActiveCfg = Debug|Any CPU
		{88042B94-1E05-4E61-BF0F-6E78262CBBBD}.Debug|Any CPU.Build.0 = Debug|Any CPU
		{88042B94-1E05-4E61-BF0F-6E78262CBBBD}.Release|Any CPU.ActiveCfg = Release|Any CPU
		{88042B94-1E05-4E61-BF0F-6E78262CBBBD}.Release|Any CPU.Build.0 = Release|Any CPU
	EndGlobalSection
	GlobalSection(SolutionProperties) = preSolution
		HideSolutionNode = FALSE
	EndGlobalSection
	GlobalSection(ExtensibilityGlobals) = postSolution
		SolutionGuid = {4F4CF42C-4BED-42E9-8EEB-2612FA719CA7}
	EndGlobalSection
EndGlobal
